
Microsoft Visual Studio Solution File, Format Version 12.00
Project("{FAE04EC0-301F-11D3-BF4B-00C04F79EFBC}") = "SystemDot.Serilog", "SystemDot.Serilog\SystemDot.Serilog.csproj", "{C1196F5F-13AF-45B9-AD29-9A772E1D905E}"
EndProject
Project("{FAE04EC0-301F-11D3-BF4B-00C04F79EFBC}") = "SystemDot.Serilog.Example", "SystemDot.Serilog.Example\SystemDot.Serilog.Example.csproj", "{019E7CCE-03AC-4E4F-85C6-15678E5AC772}"
EndProject
Global
	GlobalSection(SolutionConfigurationPlatforms) = preSolution
		Debug|Any CPU = Debug|Any CPU
		Release|Any CPU = Release|Any CPU
	EndGlobalSection
	GlobalSection(ProjectConfigurationPlatforms) = postSolution
		{C1196F5F-13AF-45B9-AD29-9A772E1D905E}.Debug|Any CPU.ActiveCfg = Debug|Any CPU
		{C1196F5F-13AF-45B9-AD29-9A772E1D905E}.Debug|Any CPU.Build.0 = Debug|Any CPU
		{C1196F5F-13AF-45B9-AD29-9A772E1D905E}.Release|Any CPU.ActiveCfg = Release|Any CPU
		{C1196F5F-13AF-45B9-AD29-9A772E1D905E}.Release|Any CPU.Build.0 = Release|Any CPU
		{019E7CCE-03AC-4E4F-85C6-15678E5AC772}.Debug|Any CPU.ActiveCfg = Debug|Any CPU
		{019E7CCE-03AC-4E4F-85C6-15678E5AC772}.Debug|Any CPU.Build.0 = Debug|Any CPU
		{019E7CCE-03AC-4E4F-85C6-15678E5AC772}.Release|Any CPU.ActiveCfg = Release|Any CPU
		{019E7CCE-03AC-4E4F-85C6-15678E5AC772}.Release|Any CPU.Build.0 = Release|Any CPU
	EndGlobalSection
EndGlobal
